// !$*UTF8*$!
{
	archiveVersion = 1;
	classes = {
	};
	objectVersion = 56;
	objects = {

/* Begin PBXBuildFile section */
		CE0D489728EEC26500FB0D17 /* ViewModelProtocol.swift in Sources */ = {isa = PBXBuildFile; fileRef = CE0D489628EEC26500FB0D17 /* ViewModelProtocol.swift */; };
		CE0D489D28EEDE1600FB0D17 /* ListViewModel.swift in Sources */ = {isa = PBXBuildFile; fileRef = CE0D489C28EEDE1600FB0D17 /* ListViewModel.swift */; };
		CE0D48A228EEEE3500FB0D17 /* LoaderView.swift in Sources */ = {isa = PBXBuildFile; fileRef = CE0D48A128EEEE3500FB0D17 /* LoaderView.swift */; };
		CE0D48A528EEFE7200FB0D17 /* BaseViewModel.swift in Sources */ = {isa = PBXBuildFile; fileRef = CE0D48A428EEFE7200FB0D17 /* BaseViewModel.swift */; };
		CE0D48A828EF0C2E00FB0D17 /* MainModuleFactory.swift in Sources */ = {isa = PBXBuildFile; fileRef = CE0D48A728EF0C2E00FB0D17 /* MainModuleFactory.swift */; };
		CE0D48AB28EF0CB700FB0D17 /* Container.swift in Sources */ = {isa = PBXBuildFile; fileRef = CE0D48AA28EF0CB700FB0D17 /* Container.swift */; };
		CE0D48AE28EF0F7000FB0D17 /* StackStorage.swift in Sources */ = {isa = PBXBuildFile; fileRef = CE0D48AD28EF0F7000FB0D17 /* StackStorage.swift */; };
		CE0D48B428EF1EAC00FB0D17 /* MainDestination.swift in Sources */ = {isa = PBXBuildFile; fileRef = CE0D48B328EF1EAC00FB0D17 /* MainDestination.swift */; };
		CE0D48B628EF202500FB0D17 /* ModuleFactoryProtocol.swift in Sources */ = {isa = PBXBuildFile; fileRef = CE0D48B528EF202500FB0D17 /* ModuleFactoryProtocol.swift */; };
		CE0D48C228EF33CB00FB0D17 /* Localizable.strings in Resources */ = {isa = PBXBuildFile; fileRef = CE0D48C028EF33CB00FB0D17 /* Localizable.strings */; };
		CE2F8DAF28F0045600CB7B43 /* ios-challenge-words-booster.json in Resources */ = {isa = PBXBuildFile; fileRef = CE2F8DAE28F0045600CB7B43 /* ios-challenge-words-booster.json */; };
		CE2F8DB228F004E500CB7B43 /* AnimalsServiceProtocol.swift in Sources */ = {isa = PBXBuildFile; fileRef = CE2F8DB128F004E500CB7B43 /* AnimalsServiceProtocol.swift */; };
		CE2F8DB628F0050F00CB7B43 /* AnimalsService.swift in Sources */ = {isa = PBXBuildFile; fileRef = CE2F8DB528F0050F00CB7B43 /* AnimalsService.swift */; };
		CE2F8DB928F0055200CB7B43 /* JSONBundleServiceProtocol.swift in Sources */ = {isa = PBXBuildFile; fileRef = CE2F8DB828F0055200CB7B43 /* JSONBundleServiceProtocol.swift */; };
		CE2F8DBB28F0055A00CB7B43 /* JSONBundleService.swift in Sources */ = {isa = PBXBuildFile; fileRef = CE2F8DBA28F0055A00CB7B43 /* JSONBundleService.swift */; };
		CE2F8DBE28F0087F00CB7B43 /* AppErrorProtocol.swift in Sources */ = {isa = PBXBuildFile; fileRef = CE2F8DBD28F0087F00CB7B43 /* AppErrorProtocol.swift */; };
		CE2F8DC028F008B400CB7B43 /* AppError.swift in Sources */ = {isa = PBXBuildFile; fileRef = CE2F8DBF28F008B400CB7B43 /* AppError.swift */; };
		CE56444728EF51D5006E509B /* MainCoordinatorProtocols.swift in Sources */ = {isa = PBXBuildFile; fileRef = CE56444628EF51D5006E509B /* MainCoordinatorProtocols.swift */; };
		CE9C18B228EDC3A700854A99 /* TestProjectApp.swift in Sources */ = {isa = PBXBuildFile; fileRef = CE9C18B128EDC3A700854A99 /* TestProjectApp.swift */; };
		CE9C18B428EDC3A700854A99 /* ListView.swift in Sources */ = {isa = PBXBuildFile; fileRef = CE9C18B328EDC3A700854A99 /* ListView.swift */; };
		CE9C18B628EDC3A700854A99 /* Assets.xcassets in Resources */ = {isa = PBXBuildFile; fileRef = CE9C18B528EDC3A700854A99 /* Assets.xcassets */; };
		CE9C18B928EDC3A700854A99 /* Preview Assets.xcassets in Resources */ = {isa = PBXBuildFile; fileRef = CE9C18B828EDC3A700854A99 /* Preview Assets.xcassets */; };
		CE9C18C628EDC46000854A99 /* Configuration-Development.xcconfig in Resources */ = {isa = PBXBuildFile; fileRef = CE9C18C528EDC46000854A99 /* Configuration-Development.xcconfig */; };
		CE9C18CD28EDCCC700854A99 /* Swinject in Frameworks */ = {isa = PBXBuildFile; productRef = CE9C18CC28EDCCC700854A99 /* Swinject */; };
		CE9C18CF28EDCD0000854A99 /* AppConfiguration.swift in Sources */ = {isa = PBXBuildFile; fileRef = CE9C18CE28EDCD0000854A99 /* AppConfiguration.swift */; };
		CE9C18D128EDCD3100854A99 /* AppConfigurationProtocol.swift in Sources */ = {isa = PBXBuildFile; fileRef = CE9C18D028EDCD3100854A99 /* AppConfigurationProtocol.swift */; };
		CE9C18D328EDCD6D00854A99 /* AppEnvironment.swift in Sources */ = {isa = PBXBuildFile; fileRef = CE9C18D228EDCD6D00854A99 /* AppEnvironment.swift */; };
		CE9C18D728EDD1B800854A99 /* Coordinator.swift in Sources */ = {isa = PBXBuildFile; fileRef = CE9C18D628EDD1B800854A99 /* Coordinator.swift */; };
		CE9C18DA28EDDA0900854A99 /* MainCoordinator.swift in Sources */ = {isa = PBXBuildFile; fileRef = CE9C18D928EDDA0900854A99 /* MainCoordinator.swift */; };
		CE9C18DE28EDE06B00854A99 /* View+Extensions.swift in Sources */ = {isa = PBXBuildFile; fileRef = CE9C18DD28EDE06B00854A99 /* View+Extensions.swift */; };
		CED64F2E28F00E1100908D74 /* Assets.swift in Sources */ = {isa = PBXBuildFile; fileRef = CED64F2C28F00E1100908D74 /* Assets.swift */; };
		CED64F2F28F00E1100908D74 /* Localization.swift in Sources */ = {isa = PBXBuildFile; fileRef = CED64F2D28F00E1100908D74 /* Localization.swift */; };
		CED64F3228F0133900908D74 /* Animal.swift in Sources */ = {isa = PBXBuildFile; fileRef = CED64F3128F0133900908D74 /* Animal.swift */; };
		CED64F3728F016C200908D74 /* ImageLoaderServiceProtocol.swift in Sources */ = {isa = PBXBuildFile; fileRef = CED64F3628F016C200908D74 /* ImageLoaderServiceProtocol.swift */; };
		CED64F3928F016CA00908D74 /* ImageLoaderService.swift in Sources */ = {isa = PBXBuildFile; fileRef = CED64F3828F016CA00908D74 /* ImageLoaderService.swift */; };
/* End PBXBuildFile section */

/* Begin PBXFileReference section */
		CE0D489628EEC26500FB0D17 /* ViewModelProtocol.swift */ = {isa = PBXFileReference; lastKnownFileType = sourcecode.swift; path = ViewModelProtocol.swift; sourceTree = "<group>"; };
		CE0D489C28EEDE1600FB0D17 /* ListViewModel.swift */ = {isa = PBXFileReference; lastKnownFileType = sourcecode.swift; path = ListViewModel.swift; sourceTree = "<group>"; };
		CE0D48A128EEEE3500FB0D17 /* LoaderView.swift */ = {isa = PBXFileReference; lastKnownFileType = sourcecode.swift; path = LoaderView.swift; sourceTree = "<group>"; };
		CE0D48A428EEFE7200FB0D17 /* BaseViewModel.swift */ = {isa = PBXFileReference; lastKnownFileType = sourcecode.swift; path = BaseViewModel.swift; sourceTree = "<group>"; };
		CE0D48A728EF0C2E00FB0D17 /* MainModuleFactory.swift */ = {isa = PBXFileReference; lastKnownFileType = sourcecode.swift; path = MainModuleFactory.swift; sourceTree = "<group>"; };
		CE0D48AA28EF0CB700FB0D17 /* Container.swift */ = {isa = PBXFileReference; lastKnownFileType = sourcecode.swift; path = Container.swift; sourceTree = "<group>"; };
		CE0D48AD28EF0F7000FB0D17 /* StackStorage.swift */ = {isa = PBXFileReference; lastKnownFileType = sourcecode.swift; path = StackStorage.swift; sourceTree = "<group>"; };
		CE0D48B328EF1EAC00FB0D17 /* MainDestination.swift */ = {isa = PBXFileReference; lastKnownFileType = sourcecode.swift; path = MainDestination.swift; sourceTree = "<group>"; };
		CE0D48B528EF202500FB0D17 /* ModuleFactoryProtocol.swift */ = {isa = PBXFileReference; lastKnownFileType = sourcecode.swift; path = ModuleFactoryProtocol.swift; sourceTree = "<group>"; };
		CE0D48C128EF33CB00FB0D17 /* Base */ = {isa = PBXFileReference; lastKnownFileType = text.plist.strings; name = Base; path = Base.lproj/Localizable.strings; sourceTree = "<group>"; };
		CE2F8DAE28F0045600CB7B43 /* ios-challenge-words-booster.json */ = {isa = PBXFileReference; fileEncoding = 4; lastKnownFileType = text.json; path = "ios-challenge-words-booster.json"; sourceTree = "<group>"; };
		CE2F8DB128F004E500CB7B43 /* AnimalsServiceProtocol.swift */ = {isa = PBXFileReference; lastKnownFileType = sourcecode.swift; path = AnimalsServiceProtocol.swift; sourceTree = "<group>"; };
		CE2F8DB528F0050F00CB7B43 /* AnimalsService.swift */ = {isa = PBXFileReference; lastKnownFileType = sourcecode.swift; path = AnimalsService.swift; sourceTree = "<group>"; };
		CE2F8DB828F0055200CB7B43 /* JSONBundleServiceProtocol.swift */ = {isa = PBXFileReference; lastKnownFileType = sourcecode.swift; path = JSONBundleServiceProtocol.swift; sourceTree = "<group>"; };
		CE2F8DBA28F0055A00CB7B43 /* JSONBundleService.swift */ = {isa = PBXFileReference; lastKnownFileType = sourcecode.swift; path = JSONBundleService.swift; sourceTree = "<group>"; };
		CE2F8DBD28F0087F00CB7B43 /* AppErrorProtocol.swift */ = {isa = PBXFileReference; lastKnownFileType = sourcecode.swift; path = AppErrorProtocol.swift; sourceTree = "<group>"; };
		CE2F8DBF28F008B400CB7B43 /* AppError.swift */ = {isa = PBXFileReference; lastKnownFileType = sourcecode.swift; path = AppError.swift; sourceTree = "<group>"; };
		CE56444628EF51D5006E509B /* MainCoordinatorProtocols.swift */ = {isa = PBXFileReference; lastKnownFileType = sourcecode.swift; path = MainCoordinatorProtocols.swift; sourceTree = "<group>"; };
		CE9C18AE28EDC3A700854A99 /* Test Project Development.app */ = {isa = PBXFileReference; explicitFileType = wrapper.application; includeInIndex = 0; path = "Test Project Development.app"; sourceTree = BUILT_PRODUCTS_DIR; };
		CE9C18B128EDC3A700854A99 /* TestProjectApp.swift */ = {isa = PBXFileReference; lastKnownFileType = sourcecode.swift; path = TestProjectApp.swift; sourceTree = "<group>"; };
		CE9C18B328EDC3A700854A99 /* ListView.swift */ = {isa = PBXFileReference; lastKnownFileType = sourcecode.swift; path = ListView.swift; sourceTree = "<group>"; };
		CE9C18B528EDC3A700854A99 /* Assets.xcassets */ = {isa = PBXFileReference; lastKnownFileType = folder.assetcatalog; path = Assets.xcassets; sourceTree = "<group>"; };
		CE9C18B828EDC3A700854A99 /* Preview Assets.xcassets */ = {isa = PBXFileReference; lastKnownFileType = folder.assetcatalog; path = "Preview Assets.xcassets"; sourceTree = "<group>"; };
		CE9C18C528EDC46000854A99 /* Configuration-Development.xcconfig */ = {isa = PBXFileReference; lastKnownFileType = text.xcconfig; path = "Configuration-Development.xcconfig"; sourceTree = "<group>"; };
		CE9C18C728EDC54100854A99 /* Info.plist */ = {isa = PBXFileReference; lastKnownFileType = text.plist.xml; path = Info.plist; sourceTree = "<group>"; };
		CE9C18CE28EDCD0000854A99 /* AppConfiguration.swift */ = {isa = PBXFileReference; lastKnownFileType = sourcecode.swift; path = AppConfiguration.swift; sourceTree = "<group>"; };
		CE9C18D028EDCD3100854A99 /* AppConfigurationProtocol.swift */ = {isa = PBXFileReference; lastKnownFileType = sourcecode.swift; path = AppConfigurationProtocol.swift; sourceTree = "<group>"; };
		CE9C18D228EDCD6D00854A99 /* AppEnvironment.swift */ = {isa = PBXFileReference; lastKnownFileType = sourcecode.swift; path = AppEnvironment.swift; sourceTree = "<group>"; };
		CE9C18D628EDD1B800854A99 /* Coordinator.swift */ = {isa = PBXFileReference; lastKnownFileType = sourcecode.swift; path = Coordinator.swift; sourceTree = "<group>"; };
		CE9C18D928EDDA0900854A99 /* MainCoordinator.swift */ = {isa = PBXFileReference; lastKnownFileType = sourcecode.swift; path = MainCoordinator.swift; sourceTree = "<group>"; };
		CE9C18DD28EDE06B00854A99 /* View+Extensions.swift */ = {isa = PBXFileReference; lastKnownFileType = sourcecode.swift; path = "View+Extensions.swift"; sourceTree = "<group>"; };
		CED64F2C28F00E1100908D74 /* Assets.swift */ = {isa = PBXFileReference; fileEncoding = 4; lastKnownFileType = sourcecode.swift; path = Assets.swift; sourceTree = "<group>"; };
		CED64F2D28F00E1100908D74 /* Localization.swift */ = {isa = PBXFileReference; fileEncoding = 4; lastKnownFileType = sourcecode.swift; path = Localization.swift; sourceTree = "<group>"; };
		CED64F3128F0133900908D74 /* Animal.swift */ = {isa = PBXFileReference; lastKnownFileType = sourcecode.swift; path = Animal.swift; sourceTree = "<group>"; };
		CED64F3628F016C200908D74 /* ImageLoaderServiceProtocol.swift */ = {isa = PBXFileReference; lastKnownFileType = sourcecode.swift; path = ImageLoaderServiceProtocol.swift; sourceTree = "<group>"; };
		CED64F3828F016CA00908D74 /* ImageLoaderService.swift */ = {isa = PBXFileReference; lastKnownFileType = sourcecode.swift; path = ImageLoaderService.swift; sourceTree = "<group>"; };
/* End PBXFileReference section */

/* Begin PBXFrameworksBuildPhase section */
		CE9C18AB28EDC3A700854A99 /* Frameworks */ = {
			isa = PBXFrameworksBuildPhase;
			buildActionMask = 2147483647;
			files = (
				CE9C18CD28EDCCC700854A99 /* Swinject in Frameworks */,
			);
			runOnlyForDeploymentPostprocessing = 0;
		};
/* End PBXFrameworksBuildPhase section */

/* Begin PBXGroup section */
		CE0D489128EEC1BD00FB0D17 /* Core */ = {
			isa = PBXGroup;
			children = (
				CE9C18D528EDD1A700854A99 /* Coordinator */,
				CE0D48A928EF0CA600FB0D17 /* Container */,
				CE0D48A628EF0C0000FB0D17 /* ModuleFactory */,
				CED64F3028F0132000908D74 /* Models */,
				CE0D48A328EEFE6700FB0D17 /* Base */,
				CE0D489328EEC1E800FB0D17 /* Protocols */,
				CE2F8DBC28F0086800CB7B43 /* Errors */,
				CE9C18DB28EDE04B00854A99 /* Extensions */,
			);
			path = Core;
			sourceTree = "<group>";
		};
		CE0D489328EEC1E800FB0D17 /* Protocols */ = {
			isa = PBXGroup;
			children = (
				CE0D489628EEC26500FB0D17 /* ViewModelProtocol.swift */,
				CE2F8DBD28F0087F00CB7B43 /* AppErrorProtocol.swift */,
			);
			path = Protocols;
			sourceTree = "<group>";
		};
		CE0D48A028EEEE1700FB0D17 /* Subviews */ = {
			isa = PBXGroup;
			children = (
				CE0D48A128EEEE3500FB0D17 /* LoaderView.swift */,
			);
			path = Subviews;
			sourceTree = "<group>";
		};
		CE0D48A328EEFE6700FB0D17 /* Base */ = {
			isa = PBXGroup;
			children = (
				CE0D48A428EEFE7200FB0D17 /* BaseViewModel.swift */,
			);
			path = Base;
			sourceTree = "<group>";
		};
		CE0D48A628EF0C0000FB0D17 /* ModuleFactory */ = {
			isa = PBXGroup;
			children = (
				CE0D48B528EF202500FB0D17 /* ModuleFactoryProtocol.swift */,
				CE56444828EF561E006E509B /* MainModuleFactory */,
			);
			path = ModuleFactory;
			sourceTree = "<group>";
		};
		CE0D48A928EF0CA600FB0D17 /* Container */ = {
			isa = PBXGroup;
			children = (
				CE0D48AA28EF0CB700FB0D17 /* Container.swift */,
			);
			path = Container;
			sourceTree = "<group>";
		};
		CE0D48AC28EF0F5F00FB0D17 /* Helpers */ = {
			isa = PBXGroup;
			children = (
				CE0D48AD28EF0F7000FB0D17 /* StackStorage.swift */,
			);
			path = Helpers;
			sourceTree = "<group>";
		};
		CE2F8DB028F0048000CB7B43 /* BusinessLogic */ = {
			isa = PBXGroup;
			children = (
				CE2F8DB328F004EB00CB7B43 /* Services */,
			);
			path = BusinessLogic;
			sourceTree = "<group>";
		};
		CE2F8DB328F004EB00CB7B43 /* Services */ = {
			isa = PBXGroup;
			children = (
				CE2F8DB728F0054200CB7B43 /* JSONBundleServiceProtocol */,
				CE2F8DB428F004F200CB7B43 /* AnimalsService */,
				CED64F3528F016AA00908D74 /* ImageLoaderService */,
			);
			path = Services;
			sourceTree = "<group>";
		};
		CE2F8DB428F004F200CB7B43 /* AnimalsService */ = {
			isa = PBXGroup;
			children = (
				CE2F8DB128F004E500CB7B43 /* AnimalsServiceProtocol.swift */,
				CE2F8DB528F0050F00CB7B43 /* AnimalsService.swift */,
			);
			path = AnimalsService;
			sourceTree = "<group>";
		};
		CE2F8DB728F0054200CB7B43 /* JSONBundleServiceProtocol */ = {
			isa = PBXGroup;
			children = (
				CE2F8DB828F0055200CB7B43 /* JSONBundleServiceProtocol.swift */,
				CE2F8DBA28F0055A00CB7B43 /* JSONBundleService.swift */,
			);
			path = JSONBundleServiceProtocol;
			sourceTree = "<group>";
		};
		CE2F8DBC28F0086800CB7B43 /* Errors */ = {
			isa = PBXGroup;
			children = (
				CE2F8DBF28F008B400CB7B43 /* AppError.swift */,
			);
			path = Errors;
			sourceTree = "<group>";
		};
		CE32FFCB28EF38AC00F53FEA /* Generated */ = {
			isa = PBXGroup;
			children = (
				CED64F2C28F00E1100908D74 /* Assets.swift */,
				CED64F2D28F00E1100908D74 /* Localization.swift */,
			);
			path = Generated;
			sourceTree = "<group>";
		};
		CE56444828EF561E006E509B /* MainModuleFactory */ = {
			isa = PBXGroup;
			children = (
				CE0D48A728EF0C2E00FB0D17 /* MainModuleFactory.swift */,
			);
			path = MainModuleFactory;
			sourceTree = "<group>";
		};
		CE9C18A528EDC3A700854A99 = {
			isa = PBXGroup;
			children = (
				CE9C18B028EDC3A700854A99 /* TestProject */,
				CE9C18AF28EDC3A700854A99 /* Products */,
			);
			sourceTree = "<group>";
		};
		CE9C18AF28EDC3A700854A99 /* Products */ = {
			isa = PBXGroup;
			children = (
				CE9C18AE28EDC3A700854A99 /* Test Project Development.app */,
			);
			name = Products;
			sourceTree = "<group>";
		};
		CE9C18B028EDC3A700854A99 /* TestProject */ = {
			isa = PBXGroup;
			children = (
				CE9C18C028EDC3BF00854A99 /* Application */,
				CE0D489128EEC1BD00FB0D17 /* Core */,
				CE2F8DB028F0048000CB7B43 /* BusinessLogic */,
				CE9C18C128EDC3D200854A99 /* Modules */,
				CE0D48A028EEEE1700FB0D17 /* Subviews */,
				CE9C18BF28EDC3B200854A99 /* Resources */,
			);
			path = TestProject;
			sourceTree = "<group>";
		};
		CE9C18B728EDC3A700854A99 /* Preview Content */ = {
			isa = PBXGroup;
			children = (
				CE9C18B828EDC3A700854A99 /* Preview Assets.xcassets */,
			);
			path = "Preview Content";
			sourceTree = "<group>";
		};
		CE9C18BF28EDC3B200854A99 /* Resources */ = {
			isa = PBXGroup;
			children = (
				CE32FFCB28EF38AC00F53FEA /* Generated */,
				CE9C18C728EDC54100854A99 /* Info.plist */,
				CE9C18B528EDC3A700854A99 /* Assets.xcassets */,
				CE2F8DAE28F0045600CB7B43 /* ios-challenge-words-booster.json */,
				CE9C18B728EDC3A700854A99 /* Preview Content */,
				CE0D48C028EF33CB00FB0D17 /* Localizable.strings */,
			);
			path = Resources;
			sourceTree = "<group>";
		};
		CE9C18C028EDC3BF00854A99 /* Application */ = {
			isa = PBXGroup;
			children = (
				CE9C18C228EDC42200854A99 /* Configuration */,
				CE9C18B128EDC3A700854A99 /* TestProjectApp.swift */,
			);
			path = Application;
			sourceTree = "<group>";
		};
		CE9C18C128EDC3D200854A99 /* Modules */ = {
			isa = PBXGroup;
			children = (
				CE0D489C28EEDE1600FB0D17 /* ListViewModel.swift */,
				CE9C18B328EDC3A700854A99 /* ListView.swift */,
			);
			path = Modules;
			sourceTree = "<group>";
		};
		CE9C18C228EDC42200854A99 /* Configuration */ = {
			isa = PBXGroup;
			children = (
				CE9C18D028EDCD3100854A99 /* AppConfigurationProtocol.swift */,
				CE9C18CE28EDCD0000854A99 /* AppConfiguration.swift */,
				CE9C18D228EDCD6D00854A99 /* AppEnvironment.swift */,
				CE9C18D428EDCD8E00854A99 /* Configurations */,
			);
			path = Configuration;
			sourceTree = "<group>";
		};
		CE9C18D428EDCD8E00854A99 /* Configurations */ = {
			isa = PBXGroup;
			children = (
				CE9C18C528EDC46000854A99 /* Configuration-Development.xcconfig */,
			);
			path = Configurations;
			sourceTree = "<group>";
		};
		CE9C18D528EDD1A700854A99 /* Coordinator */ = {
			isa = PBXGroup;
			children = (
				CE9C18D628EDD1B800854A99 /* Coordinator.swift */,
				CE0D48AC28EF0F5F00FB0D17 /* Helpers */,
				CE9C18D828EDD9F900854A99 /* MainCoordinator */,
			);
			path = Coordinator;
			sourceTree = "<group>";
		};
		CE9C18D828EDD9F900854A99 /* MainCoordinator */ = {
			isa = PBXGroup;
			children = (
				CE0D48B328EF1EAC00FB0D17 /* MainDestination.swift */,
				CE56444628EF51D5006E509B /* MainCoordinatorProtocols.swift */,
				CE9C18D928EDDA0900854A99 /* MainCoordinator.swift */,
			);
			path = MainCoordinator;
			sourceTree = "<group>";
		};
		CE9C18DB28EDE04B00854A99 /* Extensions */ = {
			isa = PBXGroup;
			children = (
				CE9C18DC28EDE05B00854A99 /* SwiftUI */,
			);
			path = Extensions;
			sourceTree = "<group>";
		};
		CE9C18DC28EDE05B00854A99 /* SwiftUI */ = {
			isa = PBXGroup;
			children = (
				CE9C18DD28EDE06B00854A99 /* View+Extensions.swift */,
			);
			path = SwiftUI;
			sourceTree = "<group>";
		};
		CED64F3028F0132000908D74 /* Models */ = {
			isa = PBXGroup;
			children = (
				CED64F3128F0133900908D74 /* Animal.swift */,
			);
			path = Models;
			sourceTree = "<group>";
		};
		CED64F3528F016AA00908D74 /* ImageLoaderService */ = {
			isa = PBXGroup;
			children = (
				CED64F3628F016C200908D74 /* ImageLoaderServiceProtocol.swift */,
				CED64F3828F016CA00908D74 /* ImageLoaderService.swift */,
			);
			path = ImageLoaderService;
			sourceTree = "<group>";
		};
/* End PBXGroup section */

/* Begin PBXNativeTarget section */
		CE9C18AD28EDC3A700854A99 /* TestProject */ = {
			isa = PBXNativeTarget;
			buildConfigurationList = CE9C18BC28EDC3A700854A99 /* Build configuration list for PBXNativeTarget "TestProject" */;
			buildPhases = (
				CE84696A28EF3A7D0062E027 /* SwiftGen */,
				CE9C18AA28EDC3A700854A99 /* Sources */,
				CE9C18AB28EDC3A700854A99 /* Frameworks */,
				CE9C18AC28EDC3A700854A99 /* Resources */,
			);
			buildRules = (
			);
			dependencies = (
			);
			name = TestProject;
			packageProductDependencies = (
				CE9C18CC28EDCCC700854A99 /* Swinject */,
			);
			productName = TestProject;
			productReference = CE9C18AE28EDC3A700854A99 /* Test Project Development.app */;
			productType = "com.apple.product-type.application";
		};
/* End PBXNativeTarget section */

/* Begin PBXProject section */
		CE9C18A628EDC3A700854A99 /* Project object */ = {
			isa = PBXProject;
			attributes = {
				BuildIndependentTargetsInParallel = 1;
				LastSwiftUpdateCheck = 1400;
				LastUpgradeCheck = 1400;
				TargetAttributes = {
					CE9C18AD28EDC3A700854A99 = {
						CreatedOnToolsVersion = 14.0;
					};
				};
			};
			buildConfigurationList = CE9C18A928EDC3A700854A99 /* Build configuration list for PBXProject "TestProject" */;
			compatibilityVersion = "Xcode 14.0";
			developmentRegion = en;
			hasScannedForEncodings = 0;
			knownRegions = (
				en,
				Base,
			);
			mainGroup = CE9C18A528EDC3A700854A99;
			packageReferences = (
				CE9C18CB28EDCCC700854A99 /* XCRemoteSwiftPackageReference "Swinject" */,
			);
			productRefGroup = CE9C18AF28EDC3A700854A99 /* Products */;
			projectDirPath = "";
			projectRoot = "";
			targets = (
				CE9C18AD28EDC3A700854A99 /* TestProject */,
			);
		};
/* End PBXProject section */

/* Begin PBXResourcesBuildPhase section */
		CE9C18AC28EDC3A700854A99 /* Resources */ = {
			isa = PBXResourcesBuildPhase;
			buildActionMask = 2147483647;
			files = (
				CE9C18C628EDC46000854A99 /* Configuration-Development.xcconfig in Resources */,
				CE2F8DAF28F0045600CB7B43 /* ios-challenge-words-booster.json in Resources */,
				CE0D48C228EF33CB00FB0D17 /* Localizable.strings in Resources */,
				CE9C18B928EDC3A700854A99 /* Preview Assets.xcassets in Resources */,
				CE9C18B628EDC3A700854A99 /* Assets.xcassets in Resources */,
			);
			runOnlyForDeploymentPostprocessing = 0;
		};
/* End PBXResourcesBuildPhase section */

/* Begin PBXShellScriptBuildPhase section */
		CE84696A28EF3A7D0062E027 /* SwiftGen */ = {
			isa = PBXShellScriptBuildPhase;
			buildActionMask = 2147483647;
			files = (
			);
			inputFileListPaths = (
			);
			inputPaths = (
			);
			name = SwiftGen;
			outputFileListPaths = (
			);
			outputPaths = (
			);
			runOnlyForDeploymentPostprocessing = 0;
			shellPath = /bin/sh;
			shellScript = "if which swiftgen >/dev/null; then\n  swiftgen\nelse\n  echo \"warning: SwiftGen not installed, download it from https://github.com/SwiftGen/SwiftGen\"\nfi\n";
		};
/* End PBXShellScriptBuildPhase section */

/* Begin PBXSourcesBuildPhase section */
		CE9C18AA28EDC3A700854A99 /* Sources */ = {
			isa = PBXSourcesBuildPhase;
			buildActionMask = 2147483647;
			files = (
				CE9C18D328EDCD6D00854A99 /* AppEnvironment.swift in Sources */,
				CE9C18DA28EDDA0900854A99 /* MainCoordinator.swift in Sources */,
				CE0D489D28EEDE1600FB0D17 /* ListViewModel.swift in Sources */,
				CE2F8DC028F008B400CB7B43 /* AppError.swift in Sources */,
				CE2F8DB628F0050F00CB7B43 /* AnimalsService.swift in Sources */,
				CED64F3728F016C200908D74 /* ImageLoaderServiceProtocol.swift in Sources */,
				CE2F8DB228F004E500CB7B43 /* AnimalsServiceProtocol.swift in Sources */,
				CE0D48A528EEFE7200FB0D17 /* BaseViewModel.swift in Sources */,
				CE0D48A228EEEE3500FB0D17 /* LoaderView.swift in Sources */,
				CED64F2E28F00E1100908D74 /* Assets.swift in Sources */,
				CE9C18D128EDCD3100854A99 /* AppConfigurationProtocol.swift in Sources */,
				CE2F8DB928F0055200CB7B43 /* JSONBundleServiceProtocol.swift in Sources */,
				CE0D48AE28EF0F7000FB0D17 /* StackStorage.swift in Sources */,
				CE9C18D728EDD1B800854A99 /* Coordinator.swift in Sources */,
				CE2F8DBB28F0055A00CB7B43 /* JSONBundleService.swift in Sources */,
				CE0D48A828EF0C2E00FB0D17 /* MainModuleFactory.swift in Sources */,
				CE56444728EF51D5006E509B /* MainCoordinatorProtocols.swift in Sources */,
				CE9C18CF28EDCD0000854A99 /* AppConfiguration.swift in Sources */,
				CED64F3228F0133900908D74 /* Animal.swift in Sources */,
				CE9C18B428EDC3A700854A99 /* ListView.swift in Sources */,
				CED64F2F28F00E1100908D74 /* Localization.swift in Sources */,
				CE0D48B428EF1EAC00FB0D17 /* MainDestination.swift in Sources */,
				CE0D489728EEC26500FB0D17 /* ViewModelProtocol.swift in Sources */,
				CED64F3928F016CA00908D74 /* ImageLoaderService.swift in Sources */,
				CE9C18DE28EDE06B00854A99 /* View+Extensions.swift in Sources */,
				CE2F8DBE28F0087F00CB7B43 /* AppErrorProtocol.swift in Sources */,
				CE0D48AB28EF0CB700FB0D17 /* Container.swift in Sources */,
				CE9C18B228EDC3A700854A99 /* TestProjectApp.swift in Sources */,
				CE0D48B628EF202500FB0D17 /* ModuleFactoryProtocol.swift in Sources */,
			);
			runOnlyForDeploymentPostprocessing = 0;
		};
/* End PBXSourcesBuildPhase section */

/* Begin PBXVariantGroup section */
		CE0D48C028EF33CB00FB0D17 /* Localizable.strings */ = {
			isa = PBXVariantGroup;
			children = (
				CE0D48C128EF33CB00FB0D17 /* Base */,
			);
			name = Localizable.strings;
			sourceTree = "<group>";
		};
/* End PBXVariantGroup section */

/* Begin XCBuildConfiguration section */
		CE9C18BA28EDC3A700854A99 /* Development Debug */ = {
			isa = XCBuildConfiguration;
			baseConfigurationReference = CE9C18C528EDC46000854A99 /* Configuration-Development.xcconfig */;
			buildSettings = {
				ALWAYS_SEARCH_USER_PATHS = NO;
				CLANG_ANALYZER_NONNULL = YES;
				CLANG_ANALYZER_NUMBER_OBJECT_CONVERSION = YES_AGGRESSIVE;
				CLANG_CXX_LANGUAGE_STANDARD = "gnu++20";
				CLANG_ENABLE_MODULES = YES;
				CLANG_ENABLE_OBJC_ARC = YES;
				CLANG_ENABLE_OBJC_WEAK = YES;
				CLANG_WARN_BLOCK_CAPTURE_AUTORELEASING = YES;
				CLANG_WARN_BOOL_CONVERSION = YES;
				CLANG_WARN_COMMA = YES;
				CLANG_WARN_CONSTANT_CONVERSION = YES;
				CLANG_WARN_DEPRECATED_OBJC_IMPLEMENTATIONS = YES;
				CLANG_WARN_DIRECT_OBJC_ISA_USAGE = YES_ERROR;
				CLANG_WARN_DOCUMENTATION_COMMENTS = YES;
				CLANG_WARN_EMPTY_BODY = YES;
				CLANG_WARN_ENUM_CONVERSION = YES;
				CLANG_WARN_INFINITE_RECURSION = YES;
				CLANG_WARN_INT_CONVERSION = YES;
				CLANG_WARN_NON_LITERAL_NULL_CONVERSION = YES;
				CLANG_WARN_OBJC_IMPLICIT_RETAIN_SELF = YES;
				CLANG_WARN_OBJC_LITERAL_CONVERSION = YES;
				CLANG_WARN_OBJC_ROOT_CLASS = YES_ERROR;
				CLANG_WARN_QUOTED_INCLUDE_IN_FRAMEWORK_HEADER = YES;
				CLANG_WARN_RANGE_LOOP_ANALYSIS = YES;
				CLANG_WARN_STRICT_PROTOTYPES = YES;
				CLANG_WARN_SUSPICIOUS_MOVE = YES;
				CLANG_WARN_UNGUARDED_AVAILABILITY = YES_AGGRESSIVE;
				CLANG_WARN_UNREACHABLE_CODE = YES;
				CLANG_WARN__DUPLICATE_METHOD_MATCH = YES;
				COPY_PHASE_STRIP = NO;
				DEBUG_INFORMATION_FORMAT = dwarf;
				ENABLE_STRICT_OBJC_MSGSEND = YES;
				ENABLE_TESTABILITY = YES;
				GCC_C_LANGUAGE_STANDARD = gnu11;
				GCC_DYNAMIC_NO_PIC = NO;
				GCC_NO_COMMON_BLOCKS = YES;
				GCC_OPTIMIZATION_LEVEL = 0;
				GCC_PREPROCESSOR_DEFINITIONS = (
					"DEBUG=1",
					"$(inherited)",
				);
				GCC_WARN_64_TO_32_BIT_CONVERSION = YES;
				GCC_WARN_ABOUT_RETURN_TYPE = YES_ERROR;
				GCC_WARN_UNDECLARED_SELECTOR = YES;
				GCC_WARN_UNINITIALIZED_AUTOS = YES_AGGRESSIVE;
				GCC_WARN_UNUSED_FUNCTION = YES;
				GCC_WARN_UNUSED_VARIABLE = YES;
				IPHONEOS_DEPLOYMENT_TARGET = 16.0;
				MTL_ENABLE_DEBUG_INFO = INCLUDE_SOURCE;
				MTL_FAST_MATH = YES;
				ONLY_ACTIVE_ARCH = YES;
				PRODUCT_NAME = "$(TARGET_NAME)";
				SDKROOT = iphoneos;
				SWIFT_ACTIVE_COMPILATION_CONDITIONS = DEBUG;
				SWIFT_OPTIMIZATION_LEVEL = "-Onone";
			};
			name = "Development Debug";
		};
		CE9C18BB28EDC3A700854A99 /* Development Release */ = {
			isa = XCBuildConfiguration;
			baseConfigurationReference = CE9C18C528EDC46000854A99 /* Configuration-Development.xcconfig */;
			buildSettings = {
				ALWAYS_SEARCH_USER_PATHS = NO;
				CLANG_ANALYZER_NONNULL = YES;
				CLANG_ANALYZER_NUMBER_OBJECT_CONVERSION = YES_AGGRESSIVE;
				CLANG_CXX_LANGUAGE_STANDARD = "gnu++20";
				CLANG_ENABLE_MODULES = YES;
				CLANG_ENABLE_OBJC_ARC = YES;
				CLANG_ENABLE_OBJC_WEAK = YES;
				CLANG_WARN_BLOCK_CAPTURE_AUTORELEASING = YES;
				CLANG_WARN_BOOL_CONVERSION = YES;
				CLANG_WARN_COMMA = YES;
				CLANG_WARN_CONSTANT_CONVERSION = YES;
				CLANG_WARN_DEPRECATED_OBJC_IMPLEMENTATIONS = YES;
				CLANG_WARN_DIRECT_OBJC_ISA_USAGE = YES_ERROR;
				CLANG_WARN_DOCUMENTATION_COMMENTS = YES;
				CLANG_WARN_EMPTY_BODY = YES;
				CLANG_WARN_ENUM_CONVERSION = YES;
				CLANG_WARN_INFINITE_RECURSION = YES;
				CLANG_WARN_INT_CONVERSION = YES;
				CLANG_WARN_NON_LITERAL_NULL_CONVERSION = YES;
				CLANG_WARN_OBJC_IMPLICIT_RETAIN_SELF = YES;
				CLANG_WARN_OBJC_LITERAL_CONVERSION = YES;
				CLANG_WARN_OBJC_ROOT_CLASS = YES_ERROR;
				CLANG_WARN_QUOTED_INCLUDE_IN_FRAMEWORK_HEADER = YES;
				CLANG_WARN_RANGE_LOOP_ANALYSIS = YES;
				CLANG_WARN_STRICT_PROTOTYPES = YES;
				CLANG_WARN_SUSPICIOUS_MOVE = YES;
				CLANG_WARN_UNGUARDED_AVAILABILITY = YES_AGGRESSIVE;
				CLANG_WARN_UNREACHABLE_CODE = YES;
				CLANG_WARN__DUPLICATE_METHOD_MATCH = YES;
				COPY_PHASE_STRIP = NO;
				DEBUG_INFORMATION_FORMAT = "dwarf-with-dsym";
				ENABLE_NS_ASSERTIONS = NO;
				ENABLE_STRICT_OBJC_MSGSEND = YES;
				GCC_C_LANGUAGE_STANDARD = gnu11;
				GCC_NO_COMMON_BLOCKS = YES;
				GCC_WARN_64_TO_32_BIT_CONVERSION = YES;
				GCC_WARN_ABOUT_RETURN_TYPE = YES_ERROR;
				GCC_WARN_UNDECLARED_SELECTOR = YES;
				GCC_WARN_UNINITIALIZED_AUTOS = YES_AGGRESSIVE;
				GCC_WARN_UNUSED_FUNCTION = YES;
				GCC_WARN_UNUSED_VARIABLE = YES;
				IPHONEOS_DEPLOYMENT_TARGET = 16.0;
				MTL_ENABLE_DEBUG_INFO = NO;
				MTL_FAST_MATH = YES;
				PRODUCT_NAME = "$(TARGET_NAME)";
				SDKROOT = iphoneos;
				SWIFT_COMPILATION_MODE = wholemodule;
				SWIFT_OPTIMIZATION_LEVEL = "-O";
				VALIDATE_PRODUCT = YES;
			};
			name = "Development Release";
		};
		CE9C18BD28EDC3A700854A99 /* Development Debug */ = {
			isa = XCBuildConfiguration;
			baseConfigurationReference = CE9C18C528EDC46000854A99 /* Configuration-Development.xcconfig */;
			buildSettings = {
				ASSETCATALOG_COMPILER_APPICON_NAME = AppIcon;
				ASSETCATALOG_COMPILER_GLOBAL_ACCENT_COLOR_NAME = AccentColor;
				CODE_SIGN_IDENTITY = "Apple Development";
				CODE_SIGN_STYLE = Automatic;
				CURRENT_PROJECT_VERSION = 1;
				DEVELOPMENT_ASSET_PATHS = "\"TestProject/Resources/Preview Content\"";
				DEVELOPMENT_TEAM = 63263MV7NR;
				ENABLE_PREVIEWS = YES;
				GENERATE_INFOPLIST_FILE = YES;
				INFOPLIST_FILE = TestProject/Resources/Info.plist;
				INFOPLIST_KEY_UIApplicationSceneManifest_Generation = YES;
				INFOPLIST_KEY_UIApplicationSupportsIndirectInputEvents = YES;
				INFOPLIST_KEY_UILaunchScreen_Generation = YES;
				INFOPLIST_KEY_UISupportedInterfaceOrientations_iPad = "UIInterfaceOrientationPortrait UIInterfaceOrientationPortraitUpsideDown UIInterfaceOrientationLandscapeLeft UIInterfaceOrientationLandscapeRight";
				INFOPLIST_KEY_UISupportedInterfaceOrientations_iPhone = UIInterfaceOrientationPortrait;
				LD_RUNPATH_SEARCH_PATHS = (
					"$(inherited)",
					"@executable_path/Frameworks",
				);
				MARKETING_VERSION = 1.0;
				PRODUCT_BUNDLE_IDENTIFIER = "$(APP_BUNDLE_ID)";
				PRODUCT_NAME = "$(APP_NAME)";
				PROVISIONING_PROFILE_SPECIFIER = "";
				SWIFT_EMIT_LOC_STRINGS = YES;
				SWIFT_VERSION = 5.0;
				TARGETED_DEVICE_FAMILY = "1,2";
			};
			name = "Development Debug";
		};
		CE9C18BE28EDC3A700854A99 /* Development Release */ = {
			isa = XCBuildConfiguration;
			baseConfigurationReference = CE9C18C528EDC46000854A99 /* Configuration-Development.xcconfig */;
			buildSettings = {
				ASSETCATALOG_COMPILER_APPICON_NAME = AppIcon;
				ASSETCATALOG_COMPILER_GLOBAL_ACCENT_COLOR_NAME = AccentColor;
				CODE_SIGN_IDENTITY = "Apple Development";
				CODE_SIGN_STYLE = Automatic;
				CURRENT_PROJECT_VERSION = 1;
				DEVELOPMENT_ASSET_PATHS = "\"TestProject/Resources/Preview Content\"";
				DEVELOPMENT_TEAM = 63263MV7NR;
				ENABLE_PREVIEWS = YES;
				GENERATE_INFOPLIST_FILE = YES;
				INFOPLIST_FILE = TestProject/Resources/Info.plist;
				INFOPLIST_KEY_UIApplicationSceneManifest_Generation = YES;
				INFOPLIST_KEY_UIApplicationSupportsIndirectInputEvents = YES;
				INFOPLIST_KEY_UILaunchScreen_Generation = YES;
				INFOPLIST_KEY_UISupportedInterfaceOrientations_iPad = "UIInterfaceOrientationPortrait UIInterfaceOrientationPortraitUpsideDown UIInterfaceOrientationLandscapeLeft UIInterfaceOrientationLandscapeRight";
				INFOPLIST_KEY_UISupportedInterfaceOrientations_iPhone = UIInterfaceOrientationPortrait;
				LD_RUNPATH_SEARCH_PATHS = (
					"$(inherited)",
					"@executable_path/Frameworks",
				);
				MARKETING_VERSION = 1.0;
				PRODUCT_BUNDLE_IDENTIFIER = "$(APP_BUNDLE_ID)";
				PRODUCT_NAME = "$(APP_NAME)";
				PROVISIONING_PROFILE_SPECIFIER = "";
				SWIFT_EMIT_LOC_STRINGS = YES;
				SWIFT_VERSION = 5.0;
				TARGETED_DEVICE_FAMILY = "1,2";
			};
			name = "Development Release";
		};
/* End XCBuildConfiguration section */

/* Begin XCConfigurationList section */
		CE9C18A928EDC3A700854A99 /* Build configuration list for PBXProject "TestProject" */ = {
			isa = XCConfigurationList;
			buildConfigurations = (
				CE9C18BA28EDC3A700854A99 /* Development Debug */,
				CE9C18BB28EDC3A700854A99 /* Development Release */,
			);
			defaultConfigurationIsVisible = 0;
			defaultConfigurationName = "Development Release";
		};
		CE9C18BC28EDC3A700854A99 /* Build configuration list for PBXNativeTarget "TestProject" */ = {
			isa = XCConfigurationList;
			buildConfigurations = (
				CE9C18BD28EDC3A700854A99 /* Development Debug */,
				CE9C18BE28EDC3A700854A99 /* Development Release */,
			);
			defaultConfigurationIsVisible = 0;
			defaultConfigurationName = "Development Release";
		};
/* End XCConfigurationList section */

/* Begin XCRemoteSwiftPackageReference section */
		CE9C18CB28EDCCC700854A99 /* XCRemoteSwiftPackageReference "Swinject" */ = {
			isa = XCRemoteSwiftPackageReference;
			repositoryURL = "https://github.com/Swinject/Swinject";
			requirement = {
				kind = upToNextMajorVersion;
				minimumVersion = 2.0.0;
			};
		};
/* End XCRemoteSwiftPackageReference section */

/* Begin XCSwiftPackageProductDependency section */
		CE9C18CC28EDCCC700854A99 /* Swinject */ = {
			isa = XCSwiftPackageProductDependency;
			package = CE9C18CB28EDCCC700854A99 /* XCRemoteSwiftPackageReference "Swinject" */;
			productName = Swinject;
		};
/* End XCSwiftPackageProductDependency section */
	};
	rootObject = CE9C18A628EDC3A700854A99 /* Project object */;
}
