// !$*UTF8*$!
{
	archiveVersion = 1;
	classes = {
	};
	objectVersion = 56;
	objects = {

/* Begin PBXBuildFile section */
		CE0D489728EEC26500FB0D17 /* ViewModelProtocol.swift in Sources */ = {isa = PBXBuildFile; fileRef = CE0D489628EEC26500FB0D17 /* ViewModelProtocol.swift */; };
		CE0D489D28EEDE1600FB0D17 /* ListViewModel.swift in Sources */ = {isa = PBXBuildFile; fileRef = CE0D489C28EEDE1600FB0D17 /* ListViewModel.swift */; };
		CE0D48A228EEEE3500FB0D17 /* LoaderView.swift in Sources */ = {isa = PBXBuildFile; fileRef = CE0D48A128EEEE3500FB0D17 /* LoaderView.swift */; };
		CE0D48A528EEFE7200FB0D17 /* BaseViewModel.swift in Sources */ = {isa = PBXBuildFile; fileRef = CE0D48A428EEFE7200FB0D17 /* BaseViewModel.swift */; };
		CE0D48AB28EF0CB700FB0D17 /* Container.swift in Sources */ = {isa = PBXBuildFile; fileRef = CE0D48AA28EF0CB700FB0D17 /* Container.swift */; };
		CE0D48C228EF33CB00FB0D17 /* Localizable.strings in Resources */ = {isa = PBXBuildFile; fileRef = CE0D48C028EF33CB00FB0D17 /* Localizable.strings */; };
		CE2F8DAF28F0045600CB7B43 /* ios-challenge-words-booster.json in Resources */ = {isa = PBXBuildFile; fileRef = CE2F8DAE28F0045600CB7B43 /* ios-challenge-words-booster.json */; };
		CE2F8DB228F004E500CB7B43 /* AnimalsServiceProtocol.swift in Sources */ = {isa = PBXBuildFile; fileRef = CE2F8DB128F004E500CB7B43 /* AnimalsServiceProtocol.swift */; };
		CE2F8DB628F0050F00CB7B43 /* AnimalsService.swift in Sources */ = {isa = PBXBuildFile; fileRef = CE2F8DB528F0050F00CB7B43 /* AnimalsService.swift */; };
		CE2F8DB928F0055200CB7B43 /* JSONBundleServiceProtocol.swift in Sources */ = {isa = PBXBuildFile; fileRef = CE2F8DB828F0055200CB7B43 /* JSONBundleServiceProtocol.swift */; };
		CE2F8DBB28F0055A00CB7B43 /* JSONBundleService.swift in Sources */ = {isa = PBXBuildFile; fileRef = CE2F8DBA28F0055A00CB7B43 /* JSONBundleService.swift */; };
		CE2F8DC028F008B400CB7B43 /* AppError.swift in Sources */ = {isa = PBXBuildFile; fileRef = CE2F8DBF28F008B400CB7B43 /* AppError.swift */; };
		CE9432DE28F050B9003E90C0 /* DetailsView.swift in Sources */ = {isa = PBXBuildFile; fileRef = CE9432DD28F050B9003E90C0 /* DetailsView.swift */; };
		CE9432E128F064F9003E90C0 /* AnimalDetail.swift in Sources */ = {isa = PBXBuildFile; fileRef = CE9432E028F064F9003E90C0 /* AnimalDetail.swift */; };
		CE9432E328F06A06003E90C0 /* DetailsViewModel.swift in Sources */ = {isa = PBXBuildFile; fileRef = CE9432E228F06A06003E90C0 /* DetailsViewModel.swift */; };
		CE9432E528F06A15003E90C0 /* DetailsViewModelProtocol.swift in Sources */ = {isa = PBXBuildFile; fileRef = CE9432E428F06A15003E90C0 /* DetailsViewModelProtocol.swift */; };
		CE9432EA28F075DD003E90C0 /* NavigationBarView.swift in Sources */ = {isa = PBXBuildFile; fileRef = CE9432E928F075DD003E90C0 /* NavigationBarView.swift */; };
		CE9C18B228EDC3A700854A99 /* TestProjectApp.swift in Sources */ = {isa = PBXBuildFile; fileRef = CE9C18B128EDC3A700854A99 /* TestProjectApp.swift */; };
		CE9C18B428EDC3A700854A99 /* ListView.swift in Sources */ = {isa = PBXBuildFile; fileRef = CE9C18B328EDC3A700854A99 /* ListView.swift */; };
		CE9C18B628EDC3A700854A99 /* Assets.xcassets in Resources */ = {isa = PBXBuildFile; fileRef = CE9C18B528EDC3A700854A99 /* Assets.xcassets */; };
		CE9C18B928EDC3A700854A99 /* Preview Assets.xcassets in Resources */ = {isa = PBXBuildFile; fileRef = CE9C18B828EDC3A700854A99 /* Preview Assets.xcassets */; };
		CE9C18C628EDC46000854A99 /* Configuration-Development.xcconfig in Resources */ = {isa = PBXBuildFile; fileRef = CE9C18C528EDC46000854A99 /* Configuration-Development.xcconfig */; };
		CE9C18CD28EDCCC700854A99 /* Swinject in Frameworks */ = {isa = PBXBuildFile; productRef = CE9C18CC28EDCCC700854A99 /* Swinject */; };
		CE9C18CF28EDCD0000854A99 /* AppConfiguration.swift in Sources */ = {isa = PBXBuildFile; fileRef = CE9C18CE28EDCD0000854A99 /* AppConfiguration.swift */; };
		CE9C18D128EDCD3100854A99 /* AppConfigurationProtocol.swift in Sources */ = {isa = PBXBuildFile; fileRef = CE9C18D028EDCD3100854A99 /* AppConfigurationProtocol.swift */; };
		CE9C18D328EDCD6D00854A99 /* AppEnvironment.swift in Sources */ = {isa = PBXBuildFile; fileRef = CE9C18D228EDCD6D00854A99 /* AppEnvironment.swift */; };
		CE9C18DE28EDE06B00854A99 /* View+Extensions.swift in Sources */ = {isa = PBXBuildFile; fileRef = CE9C18DD28EDE06B00854A99 /* View+Extensions.swift */; };
		CECE3FF628F563C2007DD52B /* ListModuleBuilder.swift in Sources */ = {isa = PBXBuildFile; fileRef = CECE3FF528F563C2007DD52B /* ListModuleBuilder.swift */; };
		CECE3FF928F5664C007DD52B /* ListRouter.swift in Sources */ = {isa = PBXBuildFile; fileRef = CECE3FF828F5664C007DD52B /* ListRouter.swift */; };
		CECE3FFC28F5678C007DD52B /* DetailsModuleBuilder.swift in Sources */ = {isa = PBXBuildFile; fileRef = CECE3FFB28F5678C007DD52B /* DetailsModuleBuilder.swift */; };
		CECE3FFF28F567C4007DD52B /* DetailsRouter.swift in Sources */ = {isa = PBXBuildFile; fileRef = CECE3FFE28F567C4007DD52B /* DetailsRouter.swift */; };
		CECE400128F57200007DD52B /* Router.swift in Sources */ = {isa = PBXBuildFile; fileRef = CECE400028F57200007DD52B /* Router.swift */; };
		CECE400428F57C37007DD52B /* AnyRouter.swift in Sources */ = {isa = PBXBuildFile; fileRef = CECE400328F57C37007DD52B /* AnyRouter.swift */; };
		CECE400628F5800E007DD52B /* NavigationStore.swift in Sources */ = {isa = PBXBuildFile; fileRef = CECE400528F5800E007DD52B /* NavigationStore.swift */; };
		CECE400928F5845B007DD52B /* Module.swift in Sources */ = {isa = PBXBuildFile; fileRef = CECE400828F5845B007DD52B /* Module.swift */; };
		CED64F2E28F00E1100908D74 /* Assets.swift in Sources */ = {isa = PBXBuildFile; fileRef = CED64F2C28F00E1100908D74 /* Assets.swift */; };
		CED64F2F28F00E1100908D74 /* Localization.swift in Sources */ = {isa = PBXBuildFile; fileRef = CED64F2D28F00E1100908D74 /* Localization.swift */; };
		CED64F3228F0133900908D74 /* Animal.swift in Sources */ = {isa = PBXBuildFile; fileRef = CED64F3128F0133900908D74 /* Animal.swift */; };
		CED64F3E28F01C9100908D74 /* AnimalRow.swift in Sources */ = {isa = PBXBuildFile; fileRef = CED64F3D28F01C9100908D74 /* AnimalRow.swift */; };
		CED64F4128F01FE400908D74 /* LoadableImage.swift in Sources */ = {isa = PBXBuildFile; fileRef = CED64F4028F01FE400908D74 /* LoadableImage.swift */; };
		CED64F4428F032D800908D74 /* ListModel.swift in Sources */ = {isa = PBXBuildFile; fileRef = CED64F4328F032D800908D74 /* ListModel.swift */; };
		CED64F4928F0339300908D74 /* ListModelProtocol.swift in Sources */ = {isa = PBXBuildFile; fileRef = CED64F4828F0339300908D74 /* ListModelProtocol.swift */; };
		CED64F4B28F035AE00908D74 /* ListViewModelProtocol.swift in Sources */ = {isa = PBXBuildFile; fileRef = CED64F4A28F035AE00908D74 /* ListViewModelProtocol.swift */; };
		CED64F4D28F0372A00908D74 /* AnimalContent.swift in Sources */ = {isa = PBXBuildFile; fileRef = CED64F4C28F0372A00908D74 /* AnimalContent.swift */; };
/* End PBXBuildFile section */

/* Begin PBXFileReference section */
		CE0D489628EEC26500FB0D17 /* ViewModelProtocol.swift */ = {isa = PBXFileReference; lastKnownFileType = sourcecode.swift; path = ViewModelProtocol.swift; sourceTree = "<group>"; };
		CE0D489C28EEDE1600FB0D17 /* ListViewModel.swift */ = {isa = PBXFileReference; lastKnownFileType = sourcecode.swift; path = ListViewModel.swift; sourceTree = "<group>"; };
		CE0D48A128EEEE3500FB0D17 /* LoaderView.swift */ = {isa = PBXFileReference; lastKnownFileType = sourcecode.swift; path = LoaderView.swift; sourceTree = "<group>"; };
		CE0D48A428EEFE7200FB0D17 /* BaseViewModel.swift */ = {isa = PBXFileReference; lastKnownFileType = sourcecode.swift; path = BaseViewModel.swift; sourceTree = "<group>"; };
		CE0D48AA28EF0CB700FB0D17 /* Container.swift */ = {isa = PBXFileReference; lastKnownFileType = sourcecode.swift; path = Container.swift; sourceTree = "<group>"; };
		CE0D48C128EF33CB00FB0D17 /* Base */ = {isa = PBXFileReference; lastKnownFileType = text.plist.strings; name = Base; path = Base.lproj/Localizable.strings; sourceTree = "<group>"; };
		CE2F8DAE28F0045600CB7B43 /* ios-challenge-words-booster.json */ = {isa = PBXFileReference; fileEncoding = 4; lastKnownFileType = text.json; path = "ios-challenge-words-booster.json"; sourceTree = "<group>"; };
		CE2F8DB128F004E500CB7B43 /* AnimalsServiceProtocol.swift */ = {isa = PBXFileReference; lastKnownFileType = sourcecode.swift; path = AnimalsServiceProtocol.swift; sourceTree = "<group>"; };
		CE2F8DB528F0050F00CB7B43 /* AnimalsService.swift */ = {isa = PBXFileReference; lastKnownFileType = sourcecode.swift; path = AnimalsService.swift; sourceTree = "<group>"; };
		CE2F8DB828F0055200CB7B43 /* JSONBundleServiceProtocol.swift */ = {isa = PBXFileReference; lastKnownFileType = sourcecode.swift; path = JSONBundleServiceProtocol.swift; sourceTree = "<group>"; };
		CE2F8DBA28F0055A00CB7B43 /* JSONBundleService.swift */ = {isa = PBXFileReference; lastKnownFileType = sourcecode.swift; path = JSONBundleService.swift; sourceTree = "<group>"; };
		CE2F8DBF28F008B400CB7B43 /* AppError.swift */ = {isa = PBXFileReference; lastKnownFileType = sourcecode.swift; path = AppError.swift; sourceTree = "<group>"; };
		CE9432DD28F050B9003E90C0 /* DetailsView.swift */ = {isa = PBXFileReference; lastKnownFileType = sourcecode.swift; path = DetailsView.swift; sourceTree = "<group>"; };
		CE9432E028F064F9003E90C0 /* AnimalDetail.swift */ = {isa = PBXFileReference; lastKnownFileType = sourcecode.swift; path = AnimalDetail.swift; sourceTree = "<group>"; };
		CE9432E228F06A06003E90C0 /* DetailsViewModel.swift */ = {isa = PBXFileReference; lastKnownFileType = sourcecode.swift; path = DetailsViewModel.swift; sourceTree = "<group>"; };
		CE9432E428F06A15003E90C0 /* DetailsViewModelProtocol.swift */ = {isa = PBXFileReference; lastKnownFileType = sourcecode.swift; path = DetailsViewModelProtocol.swift; sourceTree = "<group>"; };
		CE9432E928F075DD003E90C0 /* NavigationBarView.swift */ = {isa = PBXFileReference; lastKnownFileType = sourcecode.swift; path = NavigationBarView.swift; sourceTree = "<group>"; };
		CE9C18AE28EDC3A700854A99 /* Test Project Development.app */ = {isa = PBXFileReference; explicitFileType = wrapper.application; includeInIndex = 0; path = "Test Project Development.app"; sourceTree = BUILT_PRODUCTS_DIR; };
		CE9C18B128EDC3A700854A99 /* TestProjectApp.swift */ = {isa = PBXFileReference; lastKnownFileType = sourcecode.swift; path = TestProjectApp.swift; sourceTree = "<group>"; };
		CE9C18B328EDC3A700854A99 /* ListView.swift */ = {isa = PBXFileReference; lastKnownFileType = sourcecode.swift; path = ListView.swift; sourceTree = "<group>"; };
		CE9C18B528EDC3A700854A99 /* Assets.xcassets */ = {isa = PBXFileReference; lastKnownFileType = folder.assetcatalog; path = Assets.xcassets; sourceTree = "<group>"; };
		CE9C18B828EDC3A700854A99 /* Preview Assets.xcassets */ = {isa = PBXFileReference; lastKnownFileType = folder.assetcatalog; path = "Preview Assets.xcassets"; sourceTree = "<group>"; };
		CE9C18C528EDC46000854A99 /* Configuration-Development.xcconfig */ = {isa = PBXFileReference; lastKnownFileType = text.xcconfig; path = "Configuration-Development.xcconfig"; sourceTree = "<group>"; };
		CE9C18C728EDC54100854A99 /* Info.plist */ = {isa = PBXFileReference; lastKnownFileType = text.plist.xml; path = Info.plist; sourceTree = "<group>"; };
		CE9C18CE28EDCD0000854A99 /* AppConfiguration.swift */ = {isa = PBXFileReference; lastKnownFileType = sourcecode.swift; path = AppConfiguration.swift; sourceTree = "<group>"; };
		CE9C18D028EDCD3100854A99 /* AppConfigurationProtocol.swift */ = {isa = PBXFileReference; lastKnownFileType = sourcecode.swift; path = AppConfigurationProtocol.swift; sourceTree = "<group>"; };
		CE9C18D228EDCD6D00854A99 /* AppEnvironment.swift */ = {isa = PBXFileReference; lastKnownFileType = sourcecode.swift; path = AppEnvironment.swift; sourceTree = "<group>"; };
		CE9C18DD28EDE06B00854A99 /* View+Extensions.swift */ = {isa = PBXFileReference; lastKnownFileType = sourcecode.swift; path = "View+Extensions.swift"; sourceTree = "<group>"; };
		CECE3FF528F563C2007DD52B /* ListModuleBuilder.swift */ = {isa = PBXFileReference; lastKnownFileType = sourcecode.swift; path = ListModuleBuilder.swift; sourceTree = "<group>"; };
		CECE3FF828F5664C007DD52B /* ListRouter.swift */ = {isa = PBXFileReference; lastKnownFileType = sourcecode.swift; path = ListRouter.swift; sourceTree = "<group>"; };
		CECE3FFB28F5678C007DD52B /* DetailsModuleBuilder.swift */ = {isa = PBXFileReference; lastKnownFileType = sourcecode.swift; path = DetailsModuleBuilder.swift; sourceTree = "<group>"; };
		CECE3FFE28F567C4007DD52B /* DetailsRouter.swift */ = {isa = PBXFileReference; lastKnownFileType = sourcecode.swift; path = DetailsRouter.swift; sourceTree = "<group>"; };
		CECE400028F57200007DD52B /* Router.swift */ = {isa = PBXFileReference; lastKnownFileType = sourcecode.swift; path = Router.swift; sourceTree = "<group>"; };
		CECE400328F57C37007DD52B /* AnyRouter.swift */ = {isa = PBXFileReference; lastKnownFileType = sourcecode.swift; path = AnyRouter.swift; sourceTree = "<group>"; };
		CECE400528F5800E007DD52B /* NavigationStore.swift */ = {isa = PBXFileReference; lastKnownFileType = sourcecode.swift; path = NavigationStore.swift; sourceTree = "<group>"; };
		CECE400828F5845B007DD52B /* Module.swift */ = {isa = PBXFileReference; lastKnownFileType = sourcecode.swift; path = Module.swift; sourceTree = "<group>"; };
		CED64F2C28F00E1100908D74 /* Assets.swift */ = {isa = PBXFileReference; fileEncoding = 4; lastKnownFileType = sourcecode.swift; path = Assets.swift; sourceTree = "<group>"; };
		CED64F2D28F00E1100908D74 /* Localization.swift */ = {isa = PBXFileReference; fileEncoding = 4; lastKnownFileType = sourcecode.swift; path = Localization.swift; sourceTree = "<group>"; };
		CED64F3128F0133900908D74 /* Animal.swift */ = {isa = PBXFileReference; lastKnownFileType = sourcecode.swift; path = Animal.swift; sourceTree = "<group>"; };
		CED64F3D28F01C9100908D74 /* AnimalRow.swift */ = {isa = PBXFileReference; lastKnownFileType = sourcecode.swift; path = AnimalRow.swift; sourceTree = "<group>"; };
		CED64F4028F01FE400908D74 /* LoadableImage.swift */ = {isa = PBXFileReference; lastKnownFileType = sourcecode.swift; path = LoadableImage.swift; sourceTree = "<group>"; };
		CED64F4328F032D800908D74 /* ListModel.swift */ = {isa = PBXFileReference; lastKnownFileType = sourcecode.swift; path = ListModel.swift; sourceTree = "<group>"; };
		CED64F4828F0339300908D74 /* ListModelProtocol.swift */ = {isa = PBXFileReference; lastKnownFileType = sourcecode.swift; path = ListModelProtocol.swift; sourceTree = "<group>"; };
		CED64F4A28F035AE00908D74 /* ListViewModelProtocol.swift */ = {isa = PBXFileReference; lastKnownFileType = sourcecode.swift; path = ListViewModelProtocol.swift; sourceTree = "<group>"; };
		CED64F4C28F0372A00908D74 /* AnimalContent.swift */ = {isa = PBXFileReference; lastKnownFileType = sourcecode.swift; path = AnimalContent.swift; sourceTree = "<group>"; };
/* End PBXFileReference section */

/* Begin PBXFrameworksBuildPhase section */
		CE9C18AB28EDC3A700854A99 /* Frameworks */ = {
			isa = PBXFrameworksBuildPhase;
			buildActionMask = 2147483647;
			files = (
				CE9C18CD28EDCCC700854A99 /* Swinject in Frameworks */,
			);
			runOnlyForDeploymentPostprocessing = 0;
		};
/* End PBXFrameworksBuildPhase section */

/* Begin PBXGroup section */
		CE0D489128EEC1BD00FB0D17 /* Core */ = {
			isa = PBXGroup;
			children = (
				CECE400228F57C2C007DD52B /* Router */,
				CE0D48A928EF0CA600FB0D17 /* Container */,
				CECE400728F58448007DD52B /* Module */,
				CED64F3028F0132000908D74 /* Models */,
				CE0D48A328EEFE6700FB0D17 /* Base */,
				CE0D489328EEC1E800FB0D17 /* Protocols */,
				CE2F8DBC28F0086800CB7B43 /* Errors */,
				CE9C18DB28EDE04B00854A99 /* Extensions */,
			);
			path = Core;
			sourceTree = "<group>";
		};
		CE0D489328EEC1E800FB0D17 /* Protocols */ = {
			isa = PBXGroup;
			children = (
				CE0D489628EEC26500FB0D17 /* ViewModelProtocol.swift */,
			);
			path = Protocols;
			sourceTree = "<group>";
		};
		CE0D48A028EEEE1700FB0D17 /* Subviews */ = {
			isa = PBXGroup;
			children = (
				CE9432E628F075B4003E90C0 /* NavigationBarView */,
				CE9432DF28F064EB003E90C0 /* AnimalDetail */,
				CED64F3F28F01FC600908D74 /* LoadableImage */,
				CED64F3C28F01C6400908D74 /* AnimalRow */,
				CED64F3B28F01C5D00908D74 /* LoaderView */,
			);
			path = Subviews;
			sourceTree = "<group>";
		};
		CE0D48A328EEFE6700FB0D17 /* Base */ = {
			isa = PBXGroup;
			children = (
				CE0D48A428EEFE7200FB0D17 /* BaseViewModel.swift */,
			);
			path = Base;
			sourceTree = "<group>";
		};
		CE0D48A928EF0CA600FB0D17 /* Container */ = {
			isa = PBXGroup;
			children = (
				CE0D48AA28EF0CB700FB0D17 /* Container.swift */,
			);
			path = Container;
			sourceTree = "<group>";
		};
		CE22E31928F04EE1006B1CEB /* List */ = {
			isa = PBXGroup;
			children = (
				CECE3FF728F5663F007DD52B /* Router */,
				CECE3FF428F563A8007DD52B /* Builder */,
				CED64F4728F0332E00908D74 /* Model */,
				CED64F4628F0332800908D74 /* ViewModel */,
				CED64F4528F0332300908D74 /* View */,
			);
			path = List;
			sourceTree = "<group>";
		};
		CE2F8DB028F0048000CB7B43 /* BusinessLogic */ = {
			isa = PBXGroup;
			children = (
				CE2F8DB328F004EB00CB7B43 /* Services */,
			);
			path = BusinessLogic;
			sourceTree = "<group>";
		};
		CE2F8DB328F004EB00CB7B43 /* Services */ = {
			isa = PBXGroup;
			children = (
				CE2F8DB728F0054200CB7B43 /* JSONBundleServiceProtocol */,
				CE2F8DB428F004F200CB7B43 /* AnimalsService */,
			);
			path = Services;
			sourceTree = "<group>";
		};
		CE2F8DB428F004F200CB7B43 /* AnimalsService */ = {
			isa = PBXGroup;
			children = (
				CE2F8DB128F004E500CB7B43 /* AnimalsServiceProtocol.swift */,
				CE2F8DB528F0050F00CB7B43 /* AnimalsService.swift */,
			);
			path = AnimalsService;
			sourceTree = "<group>";
		};
		CE2F8DB728F0054200CB7B43 /* JSONBundleServiceProtocol */ = {
			isa = PBXGroup;
			children = (
				CE2F8DB828F0055200CB7B43 /* JSONBundleServiceProtocol.swift */,
				CE2F8DBA28F0055A00CB7B43 /* JSONBundleService.swift */,
			);
			path = JSONBundleServiceProtocol;
			sourceTree = "<group>";
		};
		CE2F8DBC28F0086800CB7B43 /* Errors */ = {
			isa = PBXGroup;
			children = (
				CE2F8DBF28F008B400CB7B43 /* AppError.swift */,
			);
			path = Errors;
			sourceTree = "<group>";
		};
		CE32FFCB28EF38AC00F53FEA /* Generated */ = {
			isa = PBXGroup;
			children = (
				CED64F2C28F00E1100908D74 /* Assets.swift */,
				CED64F2D28F00E1100908D74 /* Localization.swift */,
			);
			path = Generated;
			sourceTree = "<group>";
		};
		CE9432D928F04F70003E90C0 /* Details */ = {
			isa = PBXGroup;
			children = (
				CECE3FFD28F567B8007DD52B /* Router */,
				CECE3FFA28F56774007DD52B /* Builder */,
				CE9432DB28F04F82003E90C0 /* ViewModel */,
				CE9432DC28F04F8A003E90C0 /* View */,
			);
			path = Details;
			sourceTree = "<group>";
		};
		CE9432DB28F04F82003E90C0 /* ViewModel */ = {
			isa = PBXGroup;
			children = (
				CE9432E428F06A15003E90C0 /* DetailsViewModelProtocol.swift */,
				CE9432E228F06A06003E90C0 /* DetailsViewModel.swift */,
			);
			path = ViewModel;
			sourceTree = "<group>";
		};
		CE9432DC28F04F8A003E90C0 /* View */ = {
			isa = PBXGroup;
			children = (
				CE9432DD28F050B9003E90C0 /* DetailsView.swift */,
			);
			path = View;
			sourceTree = "<group>";
		};
		CE9432DF28F064EB003E90C0 /* AnimalDetail */ = {
			isa = PBXGroup;
			children = (
				CE9432E028F064F9003E90C0 /* AnimalDetail.swift */,
			);
			path = AnimalDetail;
			sourceTree = "<group>";
		};
		CE9432E628F075B4003E90C0 /* NavigationBarView */ = {
			isa = PBXGroup;
			children = (
				CE9432E928F075DD003E90C0 /* NavigationBarView.swift */,
			);
			path = NavigationBarView;
			sourceTree = "<group>";
		};
		CE9C18A528EDC3A700854A99 = {
			isa = PBXGroup;
			children = (
				CE9C18B028EDC3A700854A99 /* TestProject */,
				CE9C18AF28EDC3A700854A99 /* Products */,
			);
			sourceTree = "<group>";
		};
		CE9C18AF28EDC3A700854A99 /* Products */ = {
			isa = PBXGroup;
			children = (
				CE9C18AE28EDC3A700854A99 /* Test Project Development.app */,
			);
			name = Products;
			sourceTree = "<group>";
		};
		CE9C18B028EDC3A700854A99 /* TestProject */ = {
			isa = PBXGroup;
			children = (
				CE9C18C028EDC3BF00854A99 /* Application */,
				CE0D489128EEC1BD00FB0D17 /* Core */,
				CE2F8DB028F0048000CB7B43 /* BusinessLogic */,
				CE9C18C128EDC3D200854A99 /* Modules */,
				CE0D48A028EEEE1700FB0D17 /* Subviews */,
				CE9C18BF28EDC3B200854A99 /* Resources */,
			);
			path = TestProject;
			sourceTree = "<group>";
		};
		CE9C18B728EDC3A700854A99 /* Preview Content */ = {
			isa = PBXGroup;
			children = (
				CE9C18B828EDC3A700854A99 /* Preview Assets.xcassets */,
			);
			path = "Preview Content";
			sourceTree = "<group>";
		};
		CE9C18BF28EDC3B200854A99 /* Resources */ = {
			isa = PBXGroup;
			children = (
				CE32FFCB28EF38AC00F53FEA /* Generated */,
				CE9C18C728EDC54100854A99 /* Info.plist */,
				CE9C18B528EDC3A700854A99 /* Assets.xcassets */,
				CE2F8DAE28F0045600CB7B43 /* ios-challenge-words-booster.json */,
				CE9C18B728EDC3A700854A99 /* Preview Content */,
				CE0D48C028EF33CB00FB0D17 /* Localizable.strings */,
			);
			path = Resources;
			sourceTree = "<group>";
		};
		CE9C18C028EDC3BF00854A99 /* Application */ = {
			isa = PBXGroup;
			children = (
				CE9C18C228EDC42200854A99 /* Configuration */,
				CE9C18B128EDC3A700854A99 /* TestProjectApp.swift */,
			);
			path = Application;
			sourceTree = "<group>";
		};
		CE9C18C128EDC3D200854A99 /* Modules */ = {
			isa = PBXGroup;
			children = (
				CE22E31928F04EE1006B1CEB /* List */,
				CE9432D928F04F70003E90C0 /* Details */,
			);
			path = Modules;
			sourceTree = "<group>";
		};
		CE9C18C228EDC42200854A99 /* Configuration */ = {
			isa = PBXGroup;
			children = (
				CE9C18D028EDCD3100854A99 /* AppConfigurationProtocol.swift */,
				CE9C18CE28EDCD0000854A99 /* AppConfiguration.swift */,
				CE9C18D228EDCD6D00854A99 /* AppEnvironment.swift */,
				CE9C18D428EDCD8E00854A99 /* Configurations */,
			);
			path = Configuration;
			sourceTree = "<group>";
		};
		CE9C18D428EDCD8E00854A99 /* Configurations */ = {
			isa = PBXGroup;
			children = (
				CE9C18C528EDC46000854A99 /* Configuration-Development.xcconfig */,
			);
			path = Configurations;
			sourceTree = "<group>";
		};
		CE9C18DB28EDE04B00854A99 /* Extensions */ = {
			isa = PBXGroup;
			children = (
				CE9C18DC28EDE05B00854A99 /* SwiftUI */,
			);
			path = Extensions;
			sourceTree = "<group>";
		};
		CE9C18DC28EDE05B00854A99 /* SwiftUI */ = {
			isa = PBXGroup;
			children = (
				CE9C18DD28EDE06B00854A99 /* View+Extensions.swift */,
			);
			path = SwiftUI;
			sourceTree = "<group>";
		};
		CECE3FF428F563A8007DD52B /* Builder */ = {
			isa = PBXGroup;
			children = (
				CECE3FF528F563C2007DD52B /* ListModuleBuilder.swift */,
			);
			path = Builder;
			sourceTree = "<group>";
		};
		CECE3FF728F5663F007DD52B /* Router */ = {
			isa = PBXGroup;
			children = (
				CECE3FF828F5664C007DD52B /* ListRouter.swift */,
			);
			path = Router;
			sourceTree = "<group>";
		};
		CECE3FFA28F56774007DD52B /* Builder */ = {
			isa = PBXGroup;
			children = (
				CECE3FFB28F5678C007DD52B /* DetailsModuleBuilder.swift */,
			);
			path = Builder;
			sourceTree = "<group>";
		};
		CECE3FFD28F567B8007DD52B /* Router */ = {
			isa = PBXGroup;
			children = (
				CECE3FFE28F567C4007DD52B /* DetailsRouter.swift */,
			);
			path = Router;
			sourceTree = "<group>";
		};
		CECE400228F57C2C007DD52B /* Router */ = {
			isa = PBXGroup;
			children = (
				CECE400528F5800E007DD52B /* NavigationStore.swift */,
				CECE400028F57200007DD52B /* Router.swift */,
				CECE400328F57C37007DD52B /* AnyRouter.swift */,
			);
			path = Router;
			sourceTree = "<group>";
		};
		CECE400728F58448007DD52B /* Module */ = {
			isa = PBXGroup;
			children = (
				CECE400828F5845B007DD52B /* Module.swift */,
			);
			path = Module;
			sourceTree = "<group>";
		};
		CED64F3028F0132000908D74 /* Models */ = {
			isa = PBXGroup;
			children = (
				CED64F3128F0133900908D74 /* Animal.swift */,
				CED64F4C28F0372A00908D74 /* AnimalContent.swift */,
			);
			path = Models;
			sourceTree = "<group>";
		};
		CED64F3B28F01C5D00908D74 /* LoaderView */ = {
			isa = PBXGroup;
			children = (
				CE0D48A128EEEE3500FB0D17 /* LoaderView.swift */,
			);
			path = LoaderView;
			sourceTree = "<group>";
		};
		CED64F3C28F01C6400908D74 /* AnimalRow */ = {
			isa = PBXGroup;
			children = (
				CED64F3D28F01C9100908D74 /* AnimalRow.swift */,
			);
			path = AnimalRow;
			sourceTree = "<group>";
		};
		CED64F3F28F01FC600908D74 /* LoadableImage */ = {
			isa = PBXGroup;
			children = (
				CED64F4028F01FE400908D74 /* LoadableImage.swift */,
			);
			path = LoadableImage;
			sourceTree = "<group>";
		};
		CED64F4528F0332300908D74 /* View */ = {
			isa = PBXGroup;
			children = (
				CE9C18B328EDC3A700854A99 /* ListView.swift */,
			);
			path = View;
			sourceTree = "<group>";
		};
		CED64F4628F0332800908D74 /* ViewModel */ = {
			isa = PBXGroup;
			children = (
				CED64F4A28F035AE00908D74 /* ListViewModelProtocol.swift */,
				CE0D489C28EEDE1600FB0D17 /* ListViewModel.swift */,
			);
			path = ViewModel;
			sourceTree = "<group>";
		};
		CED64F4728F0332E00908D74 /* Model */ = {
			isa = PBXGroup;
			children = (
				CED64F4828F0339300908D74 /* ListModelProtocol.swift */,
				CED64F4328F032D800908D74 /* ListModel.swift */,
			);
			path = Model;
			sourceTree = "<group>";
		};
/* End PBXGroup section */

/* Begin PBXNativeTarget section */
		CE9C18AD28EDC3A700854A99 /* TestProject */ = {
			isa = PBXNativeTarget;
			buildConfigurationList = CE9C18BC28EDC3A700854A99 /* Build configuration list for PBXNativeTarget "TestProject" */;
			buildPhases = (
				CE84696A28EF3A7D0062E027 /* SwiftGen */,
				CE9C18AA28EDC3A700854A99 /* Sources */,
				CE9C18AB28EDC3A700854A99 /* Frameworks */,
				CE9C18AC28EDC3A700854A99 /* Resources */,
			);
			buildRules = (
			);
			dependencies = (
			);
			name = TestProject;
			packageProductDependencies = (
				CE9C18CC28EDCCC700854A99 /* Swinject */,
			);
			productName = TestProject;
			productReference = CE9C18AE28EDC3A700854A99 /* Test Project Development.app */;
			productType = "com.apple.product-type.application";
		};
/* End PBXNativeTarget section */

/* Begin PBXProject section */
		CE9C18A628EDC3A700854A99 /* Project object */ = {
			isa = PBXProject;
			attributes = {
				BuildIndependentTargetsInParallel = 1;
				LastSwiftUpdateCheck = 1400;
				LastUpgradeCheck = 1400;
				TargetAttributes = {
					CE9C18AD28EDC3A700854A99 = {
						CreatedOnToolsVersion = 14.0;
					};
				};
			};
			buildConfigurationList = CE9C18A928EDC3A700854A99 /* Build configuration list for PBXProject "TestProject" */;
			compatibilityVersion = "Xcode 14.0";
			developmentRegion = en;
			hasScannedForEncodings = 0;
			knownRegions = (
				en,
				Base,
			);
			mainGroup = CE9C18A528EDC3A700854A99;
			packageReferences = (
				CE9C18CB28EDCCC700854A99 /* XCRemoteSwiftPackageReference "Swinject" */,
			);
			productRefGroup = CE9C18AF28EDC3A700854A99 /* Products */;
			projectDirPath = "";
			projectRoot = "";
			targets = (
				CE9C18AD28EDC3A700854A99 /* TestProject */,
			);
		};
/* End PBXProject section */

/* Begin PBXResourcesBuildPhase section */
		CE9C18AC28EDC3A700854A99 /* Resources */ = {
			isa = PBXResourcesBuildPhase;
			buildActionMask = 2147483647;
			files = (
				CE9C18C628EDC46000854A99 /* Configuration-Development.xcconfig in Resources */,
				CE2F8DAF28F0045600CB7B43 /* ios-challenge-words-booster.json in Resources */,
				CE0D48C228EF33CB00FB0D17 /* Localizable.strings in Resources */,
				CE9C18B928EDC3A700854A99 /* Preview Assets.xcassets in Resources */,
				CE9C18B628EDC3A700854A99 /* Assets.xcassets in Resources */,
			);
			runOnlyForDeploymentPostprocessing = 0;
		};
/* End PBXResourcesBuildPhase section */

/* Begin PBXShellScriptBuildPhase section */
		CE84696A28EF3A7D0062E027 /* SwiftGen */ = {
			isa = PBXShellScriptBuildPhase;
			buildActionMask = 2147483647;
			files = (
			);
			inputFileListPaths = (
			);
			inputPaths = (
			);
			name = SwiftGen;
			outputFileListPaths = (
			);
			outputPaths = (
			);
			runOnlyForDeploymentPostprocessing = 0;
			shellPath = /bin/sh;
			shellScript = "if which swiftgen >/dev/null; then\n  swiftgen\nelse\n  echo \"warning: SwiftGen not installed, download it from https://github.com/SwiftGen/SwiftGen\"\nfi\n";
		};
/* End PBXShellScriptBuildPhase section */

/* Begin PBXSourcesBuildPhase section */
		CE9C18AA28EDC3A700854A99 /* Sources */ = {
			isa = PBXSourcesBuildPhase;
			buildActionMask = 2147483647;
			files = (
				CE9C18D328EDCD6D00854A99 /* AppEnvironment.swift in Sources */,
				CE9432E128F064F9003E90C0 /* AnimalDetail.swift in Sources */,
				CED64F4D28F0372A00908D74 /* AnimalContent.swift in Sources */,
				CE0D489D28EEDE1600FB0D17 /* ListViewModel.swift in Sources */,
				CE2F8DC028F008B400CB7B43 /* AppError.swift in Sources */,
				CE2F8DB628F0050F00CB7B43 /* AnimalsService.swift in Sources */,
				CE2F8DB228F004E500CB7B43 /* AnimalsServiceProtocol.swift in Sources */,
				CED64F4128F01FE400908D74 /* LoadableImage.swift in Sources */,
				CED64F3E28F01C9100908D74 /* AnimalRow.swift in Sources */,
				CECE400928F5845B007DD52B /* Module.swift in Sources */,
				CE0D48A528EEFE7200FB0D17 /* BaseViewModel.swift in Sources */,
				CE0D48A228EEEE3500FB0D17 /* LoaderView.swift in Sources */,
				CED64F4928F0339300908D74 /* ListModelProtocol.swift in Sources */,
				CE9432E528F06A15003E90C0 /* DetailsViewModelProtocol.swift in Sources */,
				CED64F2E28F00E1100908D74 /* Assets.swift in Sources */,
				CE9C18D128EDCD3100854A99 /* AppConfigurationProtocol.swift in Sources */,
				CECE3FFC28F5678C007DD52B /* DetailsModuleBuilder.swift in Sources */,
				CE2F8DB928F0055200CB7B43 /* JSONBundleServiceProtocol.swift in Sources */,
				CECE400128F57200007DD52B /* Router.swift in Sources */,
				CECE3FF628F563C2007DD52B /* ListModuleBuilder.swift in Sources */,
				CE9432DE28F050B9003E90C0 /* DetailsView.swift in Sources */,
				CE2F8DBB28F0055A00CB7B43 /* JSONBundleService.swift in Sources */,
				CECE3FFF28F567C4007DD52B /* DetailsRouter.swift in Sources */,
				CE9C18CF28EDCD0000854A99 /* AppConfiguration.swift in Sources */,
				CED64F3228F0133900908D74 /* Animal.swift in Sources */,
				CE9C18B428EDC3A700854A99 /* ListView.swift in Sources */,
				CED64F2F28F00E1100908D74 /* Localization.swift in Sources */,
				CED64F4428F032D800908D74 /* ListModel.swift in Sources */,
				CE9432EA28F075DD003E90C0 /* NavigationBarView.swift in Sources */,
				CE0D489728EEC26500FB0D17 /* ViewModelProtocol.swift in Sources */,
				CE9C18DE28EDE06B00854A99 /* View+Extensions.swift in Sources */,
				CECE400628F5800E007DD52B /* NavigationStore.swift in Sources */,
				CED64F4B28F035AE00908D74 /* ListViewModelProtocol.swift in Sources */,
				CE0D48AB28EF0CB700FB0D17 /* Container.swift in Sources */,
				CE9432E328F06A06003E90C0 /* DetailsViewModel.swift in Sources */,
				CECE3FF928F5664C007DD52B /* ListRouter.swift in Sources */,
				CE9C18B228EDC3A700854A99 /* TestProjectApp.swift in Sources */,
				CECE400428F57C37007DD52B /* AnyRouter.swift in Sources */,
			);
			runOnlyForDeploymentPostprocessing = 0;
		};
/* End PBXSourcesBuildPhase section */

/* Begin PBXVariantGroup section */
		CE0D48C028EF33CB00FB0D17 /* Localizable.strings */ = {
			isa = PBXVariantGroup;
			children = (
				CE0D48C128EF33CB00FB0D17 /* Base */,
			);
			name = Localizable.strings;
			sourceTree = "<group>";
		};
/* End PBXVariantGroup section */

/* Begin XCBuildConfiguration section */
		CE9C18BA28EDC3A700854A99 /* Development Debug */ = {
			isa = XCBuildConfiguration;
			baseConfigurationReference = CE9C18C528EDC46000854A99 /* Configuration-Development.xcconfig */;
			buildSettings = {
				ALWAYS_SEARCH_USER_PATHS = NO;
				CLANG_ANALYZER_NONNULL = YES;
				CLANG_ANALYZER_NUMBER_OBJECT_CONVERSION = YES_AGGRESSIVE;
				CLANG_CXX_LANGUAGE_STANDARD = "gnu++20";
				CLANG_ENABLE_MODULES = YES;
				CLANG_ENABLE_OBJC_ARC = YES;
				CLANG_ENABLE_OBJC_WEAK = YES;
				CLANG_WARN_BLOCK_CAPTURE_AUTORELEASING = YES;
				CLANG_WARN_BOOL_CONVERSION = YES;
				CLANG_WARN_COMMA = YES;
				CLANG_WARN_CONSTANT_CONVERSION = YES;
				CLANG_WARN_DEPRECATED_OBJC_IMPLEMENTATIONS = YES;
				CLANG_WARN_DIRECT_OBJC_ISA_USAGE = YES_ERROR;
				CLANG_WARN_DOCUMENTATION_COMMENTS = YES;
				CLANG_WARN_EMPTY_BODY = YES;
				CLANG_WARN_ENUM_CONVERSION = YES;
				CLANG_WARN_INFINITE_RECURSION = YES;
				CLANG_WARN_INT_CONVERSION = YES;
				CLANG_WARN_NON_LITERAL_NULL_CONVERSION = YES;
				CLANG_WARN_OBJC_IMPLICIT_RETAIN_SELF = YES;
				CLANG_WARN_OBJC_LITERAL_CONVERSION = YES;
				CLANG_WARN_OBJC_ROOT_CLASS = YES_ERROR;
				CLANG_WARN_QUOTED_INCLUDE_IN_FRAMEWORK_HEADER = YES;
				CLANG_WARN_RANGE_LOOP_ANALYSIS = YES;
				CLANG_WARN_STRICT_PROTOTYPES = YES;
				CLANG_WARN_SUSPICIOUS_MOVE = YES;
				CLANG_WARN_UNGUARDED_AVAILABILITY = YES_AGGRESSIVE;
				CLANG_WARN_UNREACHABLE_CODE = YES;
				CLANG_WARN__DUPLICATE_METHOD_MATCH = YES;
				COPY_PHASE_STRIP = NO;
				DEBUG_INFORMATION_FORMAT = dwarf;
				ENABLE_STRICT_OBJC_MSGSEND = YES;
				ENABLE_TESTABILITY = YES;
				GCC_C_LANGUAGE_STANDARD = gnu11;
				GCC_DYNAMIC_NO_PIC = NO;
				GCC_NO_COMMON_BLOCKS = YES;
				GCC_OPTIMIZATION_LEVEL = 0;
				GCC_PREPROCESSOR_DEFINITIONS = (
					"DEBUG=1",
					"$(inherited)",
				);
				GCC_WARN_64_TO_32_BIT_CONVERSION = YES;
				GCC_WARN_ABOUT_RETURN_TYPE = YES_ERROR;
				GCC_WARN_UNDECLARED_SELECTOR = YES;
				GCC_WARN_UNINITIALIZED_AUTOS = YES_AGGRESSIVE;
				GCC_WARN_UNUSED_FUNCTION = YES;
				GCC_WARN_UNUSED_VARIABLE = YES;
				IPHONEOS_DEPLOYMENT_TARGET = 16.0;
				MTL_ENABLE_DEBUG_INFO = INCLUDE_SOURCE;
				MTL_FAST_MATH = YES;
				ONLY_ACTIVE_ARCH = YES;
				PRODUCT_NAME = "$(TARGET_NAME)";
				SDKROOT = iphoneos;
				SWIFT_ACTIVE_COMPILATION_CONDITIONS = DEBUG;
				SWIFT_OPTIMIZATION_LEVEL = "-Onone";
			};
			name = "Development Debug";
		};
		CE9C18BB28EDC3A700854A99 /* Development Release */ = {
			isa = XCBuildConfiguration;
			baseConfigurationReference = CE9C18C528EDC46000854A99 /* Configuration-Development.xcconfig */;
			buildSettings = {
				ALWAYS_SEARCH_USER_PATHS = NO;
				CLANG_ANALYZER_NONNULL = YES;
				CLANG_ANALYZER_NUMBER_OBJECT_CONVERSION = YES_AGGRESSIVE;
				CLANG_CXX_LANGUAGE_STANDARD = "gnu++20";
				CLANG_ENABLE_MODULES = YES;
				CLANG_ENABLE_OBJC_ARC = YES;
				CLANG_ENABLE_OBJC_WEAK = YES;
				CLANG_WARN_BLOCK_CAPTURE_AUTORELEASING = YES;
				CLANG_WARN_BOOL_CONVERSION = YES;
				CLANG_WARN_COMMA = YES;
				CLANG_WARN_CONSTANT_CONVERSION = YES;
				CLANG_WARN_DEPRECATED_OBJC_IMPLEMENTATIONS = YES;
				CLANG_WARN_DIRECT_OBJC_ISA_USAGE = YES_ERROR;
				CLANG_WARN_DOCUMENTATION_COMMENTS = YES;
				CLANG_WARN_EMPTY_BODY = YES;
				CLANG_WARN_ENUM_CONVERSION = YES;
				CLANG_WARN_INFINITE_RECURSION = YES;
				CLANG_WARN_INT_CONVERSION = YES;
				CLANG_WARN_NON_LITERAL_NULL_CONVERSION = YES;
				CLANG_WARN_OBJC_IMPLICIT_RETAIN_SELF = YES;
				CLANG_WARN_OBJC_LITERAL_CONVERSION = YES;
				CLANG_WARN_OBJC_ROOT_CLASS = YES_ERROR;
				CLANG_WARN_QUOTED_INCLUDE_IN_FRAMEWORK_HEADER = YES;
				CLANG_WARN_RANGE_LOOP_ANALYSIS = YES;
				CLANG_WARN_STRICT_PROTOTYPES = YES;
				CLANG_WARN_SUSPICIOUS_MOVE = YES;
				CLANG_WARN_UNGUARDED_AVAILABILITY = YES_AGGRESSIVE;
				CLANG_WARN_UNREACHABLE_CODE = YES;
				CLANG_WARN__DUPLICATE_METHOD_MATCH = YES;
				COPY_PHASE_STRIP = NO;
				DEBUG_INFORMATION_FORMAT = "dwarf-with-dsym";
				ENABLE_NS_ASSERTIONS = NO;
				ENABLE_STRICT_OBJC_MSGSEND = YES;
				GCC_C_LANGUAGE_STANDARD = gnu11;
				GCC_NO_COMMON_BLOCKS = YES;
				GCC_WARN_64_TO_32_BIT_CONVERSION = YES;
				GCC_WARN_ABOUT_RETURN_TYPE = YES_ERROR;
				GCC_WARN_UNDECLARED_SELECTOR = YES;
				GCC_WARN_UNINITIALIZED_AUTOS = YES_AGGRESSIVE;
				GCC_WARN_UNUSED_FUNCTION = YES;
				GCC_WARN_UNUSED_VARIABLE = YES;
				IPHONEOS_DEPLOYMENT_TARGET = 16.0;
				MTL_ENABLE_DEBUG_INFO = NO;
				MTL_FAST_MATH = YES;
				PRODUCT_NAME = "$(TARGET_NAME)";
				SDKROOT = iphoneos;
				SWIFT_COMPILATION_MODE = wholemodule;
				SWIFT_OPTIMIZATION_LEVEL = "-O";
				VALIDATE_PRODUCT = YES;
			};
			name = "Development Release";
		};
		CE9C18BD28EDC3A700854A99 /* Development Debug */ = {
			isa = XCBuildConfiguration;
			baseConfigurationReference = CE9C18C528EDC46000854A99 /* Configuration-Development.xcconfig */;
			buildSettings = {
				ASSETCATALOG_COMPILER_APPICON_NAME = AppIcon;
				ASSETCATALOG_COMPILER_GLOBAL_ACCENT_COLOR_NAME = AccentColor;
				CODE_SIGN_IDENTITY = "Apple Development";
				CODE_SIGN_STYLE = Automatic;
				CURRENT_PROJECT_VERSION = 1;
				DEVELOPMENT_ASSET_PATHS = "\"TestProject/Resources/Preview Content\"";
				DEVELOPMENT_TEAM = 63263MV7NR;
				ENABLE_PREVIEWS = YES;
				GENERATE_INFOPLIST_FILE = YES;
				INFOPLIST_FILE = TestProject/Resources/Info.plist;
				INFOPLIST_KEY_UIApplicationSceneManifest_Generation = YES;
				INFOPLIST_KEY_UIApplicationSupportsIndirectInputEvents = YES;
				INFOPLIST_KEY_UILaunchScreen_Generation = YES;
				INFOPLIST_KEY_UISupportedInterfaceOrientations_iPad = "UIInterfaceOrientationPortrait UIInterfaceOrientationPortraitUpsideDown UIInterfaceOrientationLandscapeLeft UIInterfaceOrientationLandscapeRight";
				INFOPLIST_KEY_UISupportedInterfaceOrientations_iPhone = UIInterfaceOrientationPortrait;
				LD_RUNPATH_SEARCH_PATHS = (
					"$(inherited)",
					"@executable_path/Frameworks",
				);
				MARKETING_VERSION = 1.0;
				PRODUCT_BUNDLE_IDENTIFIER = "$(APP_BUNDLE_ID)";
				PRODUCT_NAME = "$(APP_NAME)";
				PROVISIONING_PROFILE_SPECIFIER = "";
				SWIFT_EMIT_LOC_STRINGS = YES;
				SWIFT_VERSION = 5.0;
				TARGETED_DEVICE_FAMILY = "1,2";
			};
			name = "Development Debug";
		};
		CE9C18BE28EDC3A700854A99 /* Development Release */ = {
			isa = XCBuildConfiguration;
			baseConfigurationReference = CE9C18C528EDC46000854A99 /* Configuration-Development.xcconfig */;
			buildSettings = {
				ASSETCATALOG_COMPILER_APPICON_NAME = AppIcon;
				ASSETCATALOG_COMPILER_GLOBAL_ACCENT_COLOR_NAME = AccentColor;
				CODE_SIGN_IDENTITY = "Apple Development";
				CODE_SIGN_STYLE = Automatic;
				CURRENT_PROJECT_VERSION = 1;
				DEVELOPMENT_ASSET_PATHS = "\"TestProject/Resources/Preview Content\"";
				DEVELOPMENT_TEAM = 63263MV7NR;
				ENABLE_PREVIEWS = YES;
				GENERATE_INFOPLIST_FILE = YES;
				INFOPLIST_FILE = TestProject/Resources/Info.plist;
				INFOPLIST_KEY_UIApplicationSceneManifest_Generation = YES;
				INFOPLIST_KEY_UIApplicationSupportsIndirectInputEvents = YES;
				INFOPLIST_KEY_UILaunchScreen_Generation = YES;
				INFOPLIST_KEY_UISupportedInterfaceOrientations_iPad = "UIInterfaceOrientationPortrait UIInterfaceOrientationPortraitUpsideDown UIInterfaceOrientationLandscapeLeft UIInterfaceOrientationLandscapeRight";
				INFOPLIST_KEY_UISupportedInterfaceOrientations_iPhone = UIInterfaceOrientationPortrait;
				LD_RUNPATH_SEARCH_PATHS = (
					"$(inherited)",
					"@executable_path/Frameworks",
				);
				MARKETING_VERSION = 1.0;
				PRODUCT_BUNDLE_IDENTIFIER = "$(APP_BUNDLE_ID)";
				PRODUCT_NAME = "$(APP_NAME)";
				PROVISIONING_PROFILE_SPECIFIER = "";
				SWIFT_EMIT_LOC_STRINGS = YES;
				SWIFT_VERSION = 5.0;
				TARGETED_DEVICE_FAMILY = "1,2";
			};
			name = "Development Release";
		};
/* End XCBuildConfiguration section */

/* Begin XCConfigurationList section */
		CE9C18A928EDC3A700854A99 /* Build configuration list for PBXProject "TestProject" */ = {
			isa = XCConfigurationList;
			buildConfigurations = (
				CE9C18BA28EDC3A700854A99 /* Development Debug */,
				CE9C18BB28EDC3A700854A99 /* Development Release */,
			);
			defaultConfigurationIsVisible = 0;
			defaultConfigurationName = "Development Release";
		};
		CE9C18BC28EDC3A700854A99 /* Build configuration list for PBXNativeTarget "TestProject" */ = {
			isa = XCConfigurationList;
			buildConfigurations = (
				CE9C18BD28EDC3A700854A99 /* Development Debug */,
				CE9C18BE28EDC3A700854A99 /* Development Release */,
			);
			defaultConfigurationIsVisible = 0;
			defaultConfigurationName = "Development Release";
		};
/* End XCConfigurationList section */

/* Begin XCRemoteSwiftPackageReference section */
		CE9C18CB28EDCCC700854A99 /* XCRemoteSwiftPackageReference "Swinject" */ = {
			isa = XCRemoteSwiftPackageReference;
			repositoryURL = "https://github.com/Swinject/Swinject";
			requirement = {
				kind = upToNextMajorVersion;
				minimumVersion = 2.0.0;
			};
		};
/* End XCRemoteSwiftPackageReference section */

/* Begin XCSwiftPackageProductDependency section */
		CE9C18CC28EDCCC700854A99 /* Swinject */ = {
			isa = XCSwiftPackageProductDependency;
			package = CE9C18CB28EDCCC700854A99 /* XCRemoteSwiftPackageReference "Swinject" */;
			productName = Swinject;
		};
/* End XCSwiftPackageProductDependency section */
	};
	rootObject = CE9C18A628EDC3A700854A99 /* Project object */;
}
